
Microsoft Visual Studio Solution File, Format Version 12.00
# Visual Studio Version 16
VisualStudioVersion = 16.0.28729.10
MinimumVisualStudioVersion = 10.0.40219.1
Project("{FAE04EC0-301F-11D3-BF4B-00C04F79EFBC}") = "Conduit", "Conduit\Conduit.csproj", "{4EB78C3D-B8D2-4EFB-A200-9ADE3B4E230A}"
EndProject
Global
	GlobalSection(SolutionConfigurationPlatforms) = preSolution
		Debug|Any CPU = Debug|Any CPU
		Release|Any CPU = Release|Any CPU
	EndGlobalSection
	GlobalSection(ProjectConfigurationPlatforms) = postSolution
		{4EB78C3D-B8D2-4EFB-A200-9ADE3B4E230A}.Debug|Any CPU.ActiveCfg = Debug|Any CPU
		{4EB78C3D-B8D2-4EFB-A200-9ADE3B4E230A}.Debug|Any CPU.Build.0 = Debug|Any CPU
		{4EB78C3D-B8D2-4EFB-A200-9ADE3B4E230A}.Release|Any CPU.ActiveCfg = Release|Any CPU
		{4EB78C3D-B8D2-4EFB-A200-9ADE3B4E230A}.Release|Any CPU.Build.0 = Release|Any CPU
	EndGlobalSection
	GlobalSection(SolutionProperties) = preSolution
		HideSolutionNode = FALSE
	EndGlobalSection
	GlobalSection(ExtensibilityGlobals) = postSolution
		SolutionGuid = {86EA95BD-2716-435C-909B-EBF1C8FB1625}
	EndGlobalSection
EndGlobal
